{
  "markbot": "3e57240412b0e024cdd98485affc3113c1149333b0d54ce2ae207342c687cab6",
  "markbotignore": "030a4e6e1b3b6b510514a7ae54576e2c2ef762d56236c6414ef634955d96a126",
  "index.html": "2d3ed58c6a08eb5b7d7e4bb0a28eeb9a9899cc72d1104b12068ef852bf1d2ec6",
  "index-608.png": "719c07e89f19f235b008bd5de40ec16093ce2a75de38e1f8ae60ef6283809a0c"
}